{
  "name": "npm-ci-publish-package-test",
  "version": "1.0.1",
  "lockfileVersion": 3,
  "requires": true,
  "packages": {
    "": {
      "name": "npm-ci-publish-package-test",
      "version": "1.0.1",
      "license": "ISC",
      "devDependencies": {
        "consola": "^3.4.2",
        "zx": "^8.8.5"
      }
    },
    "node_modules/consola": {
      "version": "3.4.2",
      "resolved": "https://registry.npmjs.org/consola/-/consola-3.4.2.tgz",
      "integrity": "sha512-5IKcdX0nnYavi6G7TtOhwkYzyjfJlatbjMjuLSfE2kYT5pMDOilZ4OvMhi637CcDICTmz3wARPoyhqyX1Y+XvA==",
      "dev": true,
      "license": "MIT",
      "engines": {
        "node": "^14.18.0 || >=16.10.0"
      }
    },
    "node_modules/zx": {
      "version": "8.8.5",
      "resolved": "https://registry.npmjs.org/zx/-/zx-8.8.5.tgz",
      "integrity": "sha512-SNgDF5L0gfN7FwVOdEFguY3orU5AkfFZm9B5YSHog/UDHv+lvmd82ZAsOenOkQixigwH2+yyH198AwNdKhj+RA==",
      "dev": true,
      "license": "Apache-2.0",
      "bin": {
        "zx": "build/cli.js"
      },
      "engines": {
        "node": ">= 12.17.0"
      }
    }
  }
}
